
Microsoft Visual Studio Solution File, Format Version 12.00
# Visual Studio Version 17
VisualStudioVersion = 17.4.33103.184
MinimumVisualStudioVersion = 10.0.40219.1
Project("{FAE04EC0-301F-11D3-BF4B-00C04F79EFBC}") = "HomeTask9", "HomeTask9\HomeTask9.csproj", "{B0345EBF-CF84-43ED-A44E-33210D62BCBA}"
EndProject
Global
	GlobalSection(SolutionConfigurationPlatforms) = preSolution
		Debug|Any CPU = Debug|Any CPU
		Release|Any CPU = Release|Any CPU
	EndGlobalSection
	GlobalSection(ProjectConfigurationPlatforms) = postSolution
		{B0345EBF-CF84-43ED-A44E-33210D62BCBA}.Debug|Any CPU.ActiveCfg = Debug|Any CPU
		{B0345EBF-CF84-43ED-A44E-33210D62BCBA}.Debug|Any CPU.Build.0 = Debug|Any CPU
		{B0345EBF-CF84-43ED-A44E-33210D62BCBA}.Release|Any CPU.ActiveCfg = Release|Any CPU
		{B0345EBF-CF84-43ED-A44E-33210D62BCBA}.Release|Any CPU.Build.0 = Release|Any CPU
	EndGlobalSection
	GlobalSection(SolutionProperties) = preSolution
		HideSolutionNode = FALSE
	EndGlobalSection
	GlobalSection(ExtensibilityGlobals) = postSolution
		SolutionGuid = {2FBCAD03-48FF-4CDE-8045-286B08E90885}
	EndGlobalSection
EndGlobal
